
Microsoft Visual Studio Solution File, Format Version 12.00
# Visual Studio 15
VisualStudioVersion = 15.0.28307.572
MinimumVisualStudioVersion = 10.0.40219.1
Project("{FAE04EC0-301F-11D3-BF4B-00C04F79EFBC}") = "AddressBook.Android", "AddressBook\AddressBook.Android\AddressBook.Android.csproj", "{643A4521-771A-4AA2-BADD-11F3C123AD72}"
EndProject
Project("{FAE04EC0-301F-11D3-BF4B-00C04F79EFBC}") = "AddressBook.iOS", "AddressBook\AddressBook.iOS\AddressBook.iOS.csproj", "{003A1709-3D03-466A-98F6-D93821A5C126}"
EndProject
Project("{FAE04EC0-301F-11D3-BF4B-00C04F79EFBC}") = "AddressBook", "AddressBook\AddressBook\AddressBook.csproj", "{8773570C-3A5F-4BB2-BA4F-293AA8444DBF}"
EndProject
Global
	GlobalSection(SolutionConfigurationPlatforms) = preSolution
		Ad-Hoc|Any CPU = Ad-Hoc|Any CPU
		Ad-Hoc|iPhone = Ad-Hoc|iPhone
		Ad-Hoc|iPhoneSimulator = Ad-Hoc|iPhoneSimulator
		AppStore|Any CPU = AppStore|Any CPU
		AppStore|iPhone = AppStore|iPhone
		AppStore|iPhoneSimulator = AppStore|iPhoneSimulator
		Debug|Any CPU = Debug|Any CPU
		Debug|iPhone = Debug|iPhone
		Debug|iPhoneSimulator = Debug|iPhoneSimulator
		Release|Any CPU = Release|Any CPU
		Release|iPhone = Release|iPhone
		Release|iPhoneSimulator = Release|iPhoneSimulator
	EndGlobalSection
	GlobalSection(ProjectConfigurationPlatforms) = postSolution
		{643A4521-771A-4AA2-BADD-11F3C123AD72}.Ad-Hoc|Any CPU.ActiveCfg = Release|Any CPU
		{643A4521-771A-4AA2-BADD-11F3C123AD72}.Ad-Hoc|Any CPU.Build.0 = Release|Any CPU
		{643A4521-771A-4AA2-BADD-11F3C123AD72}.Ad-Hoc|Any CPU.Deploy.0 = Release|Any CPU
		{643A4521-771A-4AA2-BADD-11F3C123AD72}.Ad-Hoc|iPhone.ActiveCfg = Release|Any CPU
		{643A4521-771A-4AA2-BADD-11F3C123AD72}.Ad-Hoc|iPhone.Build.0 = Release|Any CPU
		{643A4521-771A-4AA2-BADD-11F3C123AD72}.Ad-Hoc|iPhone.Deploy.0 = Release|Any CPU
		{643A4521-771A-4AA2-BADD-11F3C123AD72}.Ad-Hoc|iPhoneSimulator.ActiveCfg = Release|Any CPU
		{643A4521-771A-4AA2-BADD-11F3C123AD72}.Ad-Hoc|iPhoneSimulator.Build.0 = Release|Any CPU
		{643A4521-771A-4AA2-BADD-11F3C123AD72}.Ad-Hoc|iPhoneSimulator.Deploy.0 = Release|Any CPU
		{643A4521-771A-4AA2-BADD-11F3C123AD72}.AppStore|Any CPU.ActiveCfg = Release|Any CPU
		{643A4521-771A-4AA2-BADD-11F3C123AD72}.AppStore|Any CPU.Build.0 = Release|Any CPU
		{643A4521-771A-4AA2-BADD-11F3C123AD72}.AppStore|Any CPU.Deploy.0 = Release|Any CPU
		{643A4521-771A-4AA2-BADD-11F3C123AD72}.AppStore|iPhone.ActiveCfg = Release|Any CPU
		{643A4521-771A-4AA2-BADD-11F3C123AD72}.AppStore|iPhone.Build.0 = Release|Any CPU
		{643A4521-771A-4AA2-BADD-11F3C123AD72}.AppStore|iPhone.Deploy.0 = Release|Any CPU
		{643A4521-771A-4AA2-BADD-11F3C123AD72}.AppStore|iPhoneSimulator.ActiveCfg = Release|Any CPU
		{643A4521-771A-4AA2-BADD-11F3C123AD72}.AppStore|iPhoneSimulator.Build.0 = Release|Any CPU
		{643A4521-771A-4AA2-BADD-11F3C123AD72}.AppStore|iPhoneSimulator.Deploy.0 = Release|Any CPU
		{643A4521-771A-4AA2-BADD-11F3C123AD72}.Debug|Any CPU.ActiveCfg = Debug|Any CPU
		{643A4521-771A-4AA2-BADD-11F3C123AD72}.Debug|Any CPU.Build.0 = Debug|Any CPU
		{643A4521-771A-4AA2-BADD-11F3C123AD72}.Debug|Any CPU.Deploy.0 = Debug|Any CPU
		{643A4521-771A-4AA2-BADD-11F3C123AD72}.Debug|iPhone.ActiveCfg = Debug|Any CPU
		{643A4521-771A-4AA2-BADD-11F3C123AD72}.Debug|iPhone.Build.0 = Debug|Any CPU
		{643A4521-771A-4AA2-BADD-11F3C123AD72}.Debug|iPhone.Deploy.0 = Debug|Any CPU
		{643A4521-771A-4AA2-BADD-11F3C123AD72}.Debug|iPhoneSimulator.ActiveCfg = Debug|Any CPU
		{643A4521-771A-4AA2-BADD-11F3C123AD72}.Debug|iPhoneSimulator.Build.0 = Debug|Any CPU
		{643A4521-771A-4AA2-BADD-11F3C123AD72}.Debug|iPhoneSimulator.Deploy.0 = Debug|Any CPU
		{643A4521-771A-4AA2-BADD-11F3C123AD72}.Release|Any CPU.ActiveCfg = Release|Any CPU
		{643A4521-771A-4AA2-BADD-11F3C123AD72}.Release|Any CPU.Build.0 = Release|Any CPU
		{643A4521-771A-4AA2-BADD-11F3C123AD72}.Release|Any CPU.Deploy.0 = Release|Any CPU
		{643A4521-771A-4AA2-BADD-11F3C123AD72}.Release|iPhone.ActiveCfg = Release|Any CPU
		{643A4521-771A-4AA2-BADD-11F3C123AD72}.Release|iPhone.Build.0 = Release|Any CPU
		{643A4521-771A-4AA2-BADD-11F3C123AD72}.Release|iPhone.Deploy.0 = Release|Any CPU
		{643A4521-771A-4AA2-BADD-11F3C123AD72}.Release|iPhoneSimulator.ActiveCfg = Release|Any CPU
		{643A4521-771A-4AA2-BADD-11F3C123AD72}.Release|iPhoneSimulator.Build.0 = Release|Any CPU
		{643A4521-771A-4AA2-BADD-11F3C123AD72}.Release|iPhoneSimulator.Deploy.0 = Release|Any CPU
		{003A1709-3D03-466A-98F6-D93821A5C126}.Ad-Hoc|Any CPU.ActiveCfg = Ad-Hoc|iPhone
		{003A1709-3D03-466A-98F6-D93821A5C126}.Ad-Hoc|Any CPU.Build.0 = Ad-Hoc|iPhone
		{003A1709-3D03-466A-98F6-D93821A5C126}.Ad-Hoc|Any CPU.Deploy.0 = Ad-Hoc|iPhone
		{003A1709-3D03-466A-98F6-D93821A5C126}.Ad-Hoc|iPhone.ActiveCfg = Ad-Hoc|iPhone
		{003A1709-3D03-466A-98F6-D93821A5C126}.Ad-Hoc|iPhone.Build.0 = Ad-Hoc|iPhone
		{003A1709-3D03-466A-98F6-D93821A5C126}.Ad-Hoc|iPhone.Deploy.0 = Ad-Hoc|iPhone
		{003A1709-3D03-466A-98F6-D93821A5C126}.Ad-Hoc|iPhoneSimulator.ActiveCfg = Ad-Hoc|iPhoneSimulator
		{003A1709-3D03-466A-98F6-D93821A5C126}.Ad-Hoc|iPhoneSimulator.Build.0 = Ad-Hoc|iPhoneSimulator
		{003A1709-3D03-466A-98F6-D93821A5C126}.Ad-Hoc|iPhoneSimulator.Deploy.0 = Ad-Hoc|iPhoneSimulator
		{003A1709-3D03-466A-98F6-D93821A5C126}.AppStore|Any CPU.ActiveCfg = AppStore|iPhone
		{003A1709-3D03-466A-98F6-D93821A5C126}.AppStore|Any CPU.Build.0 = AppStore|iPhone
		{003A1709-3D03-466A-98F6-D93821A5C126}.AppStore|Any CPU.Deploy.0 = AppStore|iPhone
		{003A1709-3D03-466A-98F6-D93821A5C126}.AppStore|iPhone.ActiveCfg = AppStore|iPhone
		{003A1709-3D03-466A-98F6-D93821A5C126}.AppStore|iPhone.Build.0 = AppStore|iPhone
		{003A1709-3D03-466A-98F6-D93821A5C126}.AppStore|iPhone.Deploy.0 = AppStore|iPhone
		{003A1709-3D03-466A-98F6-D93821A5C126}.AppStore|iPhoneSimulator.ActiveCfg = AppStore|iPhoneSimulator
		{003A1709-3D03-466A-98F6-D93821A5C126}.AppStore|iPhoneSimulator.Build.0 = AppStore|iPhoneSimulator
		{003A1709-3D03-466A-98F6-D93821A5C126}.AppStore|iPhoneSimulator.Deploy.0 = AppStore|iPhoneSimulator
		{003A1709-3D03-466A-98F6-D93821A5C126}.Debug|Any CPU.ActiveCfg = Debug|iPhoneSimulator
		{003A1709-3D03-466A-98F6-D93821A5C126}.Debug|Any CPU.Build.0 = Debug|iPhoneSimulator
		{003A1709-3D03-466A-98F6-D93821A5C126}.Debug|Any CPU.Deploy.0 = Debug|iPhoneSimulator
		{003A1709-3D03-466A-98F6-D93821A5C126}.Debug|iPhone.ActiveCfg = Debug|iPhone
		{003A1709-3D03-466A-98F6-D93821A5C126}.Debug|iPhone.Build.0 = Debug|iPhone
		{003A1709-3D03-466A-98F6-D93821A5C126}.Debug|iPhone.Deploy.0 = Debug|iPhone
		{003A1709-3D03-466A-98F6-D93821A5C126}.Debug|iPhoneSimulator.ActiveCfg = Debug|iPhoneSimulator
		{003A1709-3D03-466A-98F6-D93821A5C126}.Debug|iPhoneSimulator.Build.0 = Debug|iPhoneSimulator
		{003A1709-3D03-466A-98F6-D93821A5C126}.Debug|iPhoneSimulator.Deploy.0 = Debug|iPhoneSimulator
		{003A1709-3D03-466A-98F6-D93821A5C126}.Release|Any CPU.ActiveCfg = Release|iPhone
		{003A1709-3D03-466A-98F6-D93821A5C126}.Release|Any CPU.Build.0 = Release|iPhone
		{003A1709-3D03-466A-98F6-D93821A5C126}.Release|Any CPU.Deploy.0 = Release|iPhone
		{003A1709-3D03-466A-98F6-D93821A5C126}.Release|iPhone.ActiveCfg = Release|iPhone
		{003A1709-3D03-466A-98F6-D93821A5C126}.Release|iPhone.Build.0 = Release|iPhone
		{003A1709-3D03-466A-98F6-D93821A5C126}.Release|iPhone.Deploy.0 = Release|iPhone
		{003A1709-3D03-466A-98F6-D93821A5C126}.Release|iPhoneSimulator.ActiveCfg = Release|iPhoneSimulator
		{003A1709-3D03-466A-98F6-D93821A5C126}.Release|iPhoneSimulator.Build.0 = Release|iPhoneSimulator
		{003A1709-3D03-466A-98F6-D93821A5C126}.Release|iPhoneSimulator.Deploy.0 = Release|iPhoneSimulator
		{8773570C-3A5F-4BB2-BA4F-293AA8444DBF}.Ad-Hoc|Any CPU.ActiveCfg = Debug|Any CPU
		{8773570C-3A5F-4BB2-BA4F-293AA8444DBF}.Ad-Hoc|Any CPU.Build.0 = Debug|Any CPU
		{8773570C-3A5F-4BB2-BA4F-293AA8444DBF}.Ad-Hoc|Any CPU.Deploy.0 = Debug|Any CPU
		{8773570C-3A5F-4BB2-BA4F-293AA8444DBF}.Ad-Hoc|iPhone.ActiveCfg = Debug|Any CPU
		{8773570C-3A5F-4BB2-BA4F-293AA8444DBF}.Ad-Hoc|iPhone.Build.0 = Debug|Any CPU
		{8773570C-3A5F-4BB2-BA4F-293AA8444DBF}.Ad-Hoc|iPhone.Deploy.0 = Debug|Any CPU
		{8773570C-3A5F-4BB2-BA4F-293AA8444DBF}.Ad-Hoc|iPhoneSimulator.ActiveCfg = Debug|Any CPU
		{8773570C-3A5F-4BB2-BA4F-293AA8444DBF}.Ad-Hoc|iPhoneSimulator.Build.0 = Debug|Any CPU
		{8773570C-3A5F-4BB2-BA4F-293AA8444DBF}.Ad-Hoc|iPhoneSimulator.Deploy.0 = Debug|Any CPU
		{8773570C-3A5F-4BB2-BA4F-293AA8444DBF}.AppStore|Any CPU.ActiveCfg = Debug|Any CPU
		{8773570C-3A5F-4BB2-BA4F-293AA8444DBF}.AppStore|Any CPU.Build.0 = Debug|Any CPU
		{8773570C-3A5F-4BB2-BA4F-293AA8444DBF}.AppStore|Any CPU.Deploy.0 = Debug|Any CPU
		{8773570C-3A5F-4BB2-BA4F-293AA8444DBF}.AppStore|iPhone.ActiveCfg = Debug|Any CPU
		{8773570C-3A5F-4BB2-BA4F-293AA8444DBF}.AppStore|iPhone.Build.0 = Debug|Any CPU
		{8773570C-3A5F-4BB2-BA4F-293AA8444DBF}.AppStore|iPhone.Deploy.0 = Debug|Any CPU
		{8773570C-3A5F-4BB2-BA4F-293AA8444DBF}.AppStore|iPhoneSimulator.ActiveCfg = Debug|Any CPU
		{8773570C-3A5F-4BB2-BA4F-293AA8444DBF}.AppStore|iPhoneSimulator.Build.0 = Debug|Any CPU
		{8773570C-3A5F-4BB2-BA4F-293AA8444DBF}.AppStore|iPhoneSimulator.Deploy.0 = Debug|Any CPU
		{8773570C-3A5F-4BB2-BA4F-293AA8444DBF}.Debug|Any CPU.ActiveCfg = Debug|Any CPU
		{8773570C-3A5F-4BB2-BA4F-293AA8444DBF}.Debug|Any CPU.Build.0 = Debug|Any CPU
		{8773570C-3A5F-4BB2-BA4F-293AA8444DBF}.Debug|Any CPU.Deploy.0 = Debug|Any CPU
		{8773570C-3A5F-4BB2-BA4F-293AA8444DBF}.Debug|iPhone.ActiveCfg = Debug|Any CPU
		{8773570C-3A5F-4BB2-BA4F-293AA8444DBF}.Debug|iPhone.Build.0 = Debug|Any CPU
		{8773570C-3A5F-4BB2-BA4F-293AA8444DBF}.Debug|iPhone.Deploy.0 = Debug|Any CPU
		{8773570C-3A5F-4BB2-BA4F-293AA8444DBF}.Debug|iPhoneSimulator.ActiveCfg = Debug|Any CPU
		{8773570C-3A5F-4BB2-BA4F-293AA8444DBF}.Debug|iPhoneSimulator.Build.0 = Debug|Any CPU
		{8773570C-3A5F-4BB2-BA4F-293AA8444DBF}.Debug|iPhoneSimulator.Deploy.0 = Debug|Any CPU
		{8773570C-3A5F-4BB2-BA4F-293AA8444DBF}.Release|Any CPU.ActiveCfg = Release|Any CPU
		{8773570C-3A5F-4BB2-BA4F-293AA8444DBF}.Release|Any CPU.Build.0 = Release|Any CPU
		{8773570C-3A5F-4BB2-BA4F-293AA8444DBF}.Release|Any CPU.Deploy.0 = Release|Any CPU
		{8773570C-3A5F-4BB2-BA4F-293AA8444DBF}.Release|iPhone.ActiveCfg = Release|Any CPU
		{8773570C-3A5F-4BB2-BA4F-293AA8444DBF}.Release|iPhone.Build.0 = Release|Any CPU
		{8773570C-3A5F-4BB2-BA4F-293AA8444DBF}.Release|iPhone.Deploy.0 = Release|Any CPU
		{8773570C-3A5F-4BB2-BA4F-293AA8444DBF}.Release|iPhoneSimulator.ActiveCfg = Release|Any CPU
		{8773570C-3A5F-4BB2-BA4F-293AA8444DBF}.Release|iPhoneSimulator.Build.0 = Release|Any CPU
		{8773570C-3A5F-4BB2-BA4F-293AA8444DBF}.Release|iPhoneSimulator.Deploy.0 = Release|Any CPU
	EndGlobalSection
	GlobalSection(SolutionProperties) = preSolution
		HideSolutionNode = FALSE
	EndGlobalSection
	GlobalSection(ExtensibilityGlobals) = postSolution
		SolutionGuid = {57909B2E-A47C-4E05-B597-60E157BAB90F}
	EndGlobalSection
EndGlobal
